
Microsoft Visual Studio Solution File, Format Version 12.00
# Visual Studio Version 17
VisualStudioVersion = 17.12.35527.113 d17.12
MinimumVisualStudioVersion = 10.0.40219.1
Project("{FAE04EC0-301F-11D3-BF4B-00C04F79EFBC}") = "RandomizeWords", "RandomizeWords\RandomizeWords.csproj", "{C52541F1-A851-4BD4-A2B7-C5423BD4694E}"
EndProject
Global
	GlobalSection(SolutionConfigurationPlatforms) = preSolution
		Debug|Any CPU = Debug|Any CPU
		Release|Any CPU = Release|Any CPU
	EndGlobalSection
	GlobalSection(ProjectConfigurationPlatforms) = postSolution
		{C52541F1-A851-4BD4-A2B7-C5423BD4694E}.Debug|Any CPU.ActiveCfg = Debug|Any CPU
		{C52541F1-A851-4BD4-A2B7-C5423BD4694E}.Debug|Any CPU.Build.0 = Debug|Any CPU
		{C52541F1-A851-4BD4-A2B7-C5423BD4694E}.Release|Any CPU.ActiveCfg = Release|Any CPU
		{C52541F1-A851-4BD4-A2B7-C5423BD4694E}.Release|Any CPU.Build.0 = Release|Any CPU
	EndGlobalSection
	GlobalSection(SolutionProperties) = preSolution
		HideSolutionNode = FALSE
	EndGlobalSection
EndGlobal
